
Microsoft Visual Studio Solution File, Format Version 11.00
# Visual Studio 2010
Project("{FAE04EC0-301F-11D3-BF4B-00C04F79EFBC}") = "cat-simulator-3D", "Assembly-CSharp-firstpass.csproj", "{434CDED4-BDEA-4FE8-3ED7-2249DEEF880C}"
EndProject
Project("{FAE04EC0-301F-11D3-BF4B-00C04F79EFBC}") = "cat-simulator-3D", "Assembly-CSharp.csproj", "{6306E50B-EACB-CA03-5EB7-2E4225D19F18}"
EndProject
Project("{FAE04EC0-301F-11D3-BF4B-00C04F79EFBC}") = "cat-simulator-3D", "Assembly-CSharp-Editor-firstpass.csproj", "{D5ED91FD-90A9-90C1-BC6C-0459569C3BBB}"
EndProject
Global
	GlobalSection(SolutionConfigurationPlatforms) = preSolution
		Debug|Any CPU = Debug|Any CPU
		Release|Any CPU = Release|Any CPU
	EndGlobalSection
	GlobalSection(ProjectConfigurationPlatforms) = postSolution
		{434CDED4-BDEA-4FE8-3ED7-2249DEEF880C}.Debug|Any CPU.ActiveCfg = Debug|Any CPU
		{434CDED4-BDEA-4FE8-3ED7-2249DEEF880C}.Debug|Any CPU.Build.0 = Debug|Any CPU
		{434CDED4-BDEA-4FE8-3ED7-2249DEEF880C}.Release|Any CPU.ActiveCfg = Release|Any CPU
		{434CDED4-BDEA-4FE8-3ED7-2249DEEF880C}.Release|Any CPU.Build.0 = Release|Any CPU
		{6306E50B-EACB-CA03-5EB7-2E4225D19F18}.Debug|Any CPU.ActiveCfg = Debug|Any CPU
		{6306E50B-EACB-CA03-5EB7-2E4225D19F18}.Debug|Any CPU.Build.0 = Debug|Any CPU
		{6306E50B-EACB-CA03-5EB7-2E4225D19F18}.Release|Any CPU.ActiveCfg = Release|Any CPU
		{6306E50B-EACB-CA03-5EB7-2E4225D19F18}.Release|Any CPU.Build.0 = Release|Any CPU
		{D5ED91FD-90A9-90C1-BC6C-0459569C3BBB}.Debug|Any CPU.ActiveCfg = Debug|Any CPU
		{D5ED91FD-90A9-90C1-BC6C-0459569C3BBB}.Debug|Any CPU.Build.0 = Debug|Any CPU
		{D5ED91FD-90A9-90C1-BC6C-0459569C3BBB}.Release|Any CPU.ActiveCfg = Release|Any CPU
		{D5ED91FD-90A9-90C1-BC6C-0459569C3BBB}.Release|Any CPU.Build.0 = Release|Any CPU
	EndGlobalSection
	GlobalSection(SolutionProperties) = preSolution
		HideSolutionNode = FALSE
	EndGlobalSection
	GlobalSection(MonoDevelopProperties) = preSolution
		StartupItem = Assembly-CSharp.csproj
	EndGlobalSection
EndGlobal
